
Microsoft Visual Studio Solution File, Format Version 12.00
# Visual Studio 15
VisualStudioVersion = 15.0.27703.2026
MinimumVisualStudioVersion = 10.0.40219.1
Project("{2150E333-8FDC-42A3-9474-1A3956D46DE8}") = "Problem 1", "Problem 1", "{0839F968-1AA0-4A9C-A8C7-4939438028AB}"
EndProject
Project("{FAE04EC0-301F-11D3-BF4B-00C04F79EFBC}") = "FirstProblem", "FirstProblem\FirstProblem.csproj", "{D5EDE54F-6BCE-4C66-866D-FBEFDB97ADC3}"
EndProject
Project("{FAE04EC0-301F-11D3-BF4B-00C04F79EFBC}") = "Test_FirstProblem", "Test_FirstProblem\Test_FirstProblem.csproj", "{1CC21165-5923-4C3A-BBD5-21F0BA44C663}"
EndProject
Project("{2150E333-8FDC-42A3-9474-1A3956D46DE8}") = "Problem 2", "Problem 2", "{33DFAD3D-18FD-4F12-8CC6-CAD1B84A352B}"
EndProject
Project("{FAE04EC0-301F-11D3-BF4B-00C04F79EFBC}") = "SecondProblem", "SecondProblem\SecondProblem.csproj", "{8CFB7562-AE01-4766-9259-CE2F0260BDA9}"
EndProject
Project("{FAE04EC0-301F-11D3-BF4B-00C04F79EFBC}") = "Test_SecondProblem", "Test_SecondProblem\Test_SecondProblem.csproj", "{04A7BBE8-AF77-4641-BFE7-D0E56A7A1278}"
EndProject
Project("{2150E333-8FDC-42A3-9474-1A3956D46DE8}") = "Problem 3", "Problem 3", "{5C3A3590-5A15-4C37-8216-3389424AA9EB}"
EndProject
Project("{FAE04EC0-301F-11D3-BF4B-00C04F79EFBC}") = "Test_ThirdProblem", "Test_ThirdProblem\Test_ThirdProblem.csproj", "{2BB38581-2BC9-4DE2-B8CD-645D347D42BD}"
EndProject
Project("{FAE04EC0-301F-11D3-BF4B-00C04F79EFBC}") = "ThirdProblem", "ThirdProblem\ThirdProblem.csproj", "{2DEB8172-72A5-452F-B2AD-397DF03D0803}"
EndProject
Project("{2150E333-8FDC-42A3-9474-1A3956D46DE8}") = "Problem 4", "Problem 4", "{70CED230-11D3-4D35-B6CF-58B8914E7F89}"
EndProject
Project("{FAE04EC0-301F-11D3-BF4B-00C04F79EFBC}") = "Test_FourthProblem", "Test_FourthProblem\Test_FourthProblem.csproj", "{80AE60D2-F9F6-4BA2-9566-64AC9584B812}"
EndProject
Project("{FAE04EC0-301F-11D3-BF4B-00C04F79EFBC}") = "FourthProblem", "FourthProblem\FourthProblem.csproj", "{B4B3FF02-B18B-4E34-B3B5-5A4908BFA14B}"
EndProject
Project("{2150E333-8FDC-42A3-9474-1A3956D46DE8}") = "Problem 5", "Problem 5", "{EF1B465D-3654-4900-9F94-7F0E87CBE33B}"
EndProject
Project("{FAE04EC0-301F-11D3-BF4B-00C04F79EFBC}") = "FifthProblem", "FifthProblem\FifthProblem.csproj", "{C7FBF414-9D80-40F8-A003-54E229DC825A}"
EndProject
Project("{FAE04EC0-301F-11D3-BF4B-00C04F79EFBC}") = "Test_FifthProblem", "Test_FifthProblem\Test_FifthProblem.csproj", "{E5D569D1-AE7C-43FB-8465-3AAD999C618E}"
EndProject
Global
	GlobalSection(SolutionConfigurationPlatforms) = preSolution
		Debug|Any CPU = Debug|Any CPU
		Release|Any CPU = Release|Any CPU
	EndGlobalSection
	GlobalSection(ProjectConfigurationPlatforms) = postSolution
		{D5EDE54F-6BCE-4C66-866D-FBEFDB97ADC3}.Debug|Any CPU.ActiveCfg = Debug|Any CPU
		{D5EDE54F-6BCE-4C66-866D-FBEFDB97ADC3}.Debug|Any CPU.Build.0 = Debug|Any CPU
		{D5EDE54F-6BCE-4C66-866D-FBEFDB97ADC3}.Release|Any CPU.ActiveCfg = Release|Any CPU
		{D5EDE54F-6BCE-4C66-866D-FBEFDB97ADC3}.Release|Any CPU.Build.0 = Release|Any CPU
		{1CC21165-5923-4C3A-BBD5-21F0BA44C663}.Debug|Any CPU.ActiveCfg = Debug|Any CPU
		{1CC21165-5923-4C3A-BBD5-21F0BA44C663}.Debug|Any CPU.Build.0 = Debug|Any CPU
		{1CC21165-5923-4C3A-BBD5-21F0BA44C663}.Release|Any CPU.ActiveCfg = Release|Any CPU
		{1CC21165-5923-4C3A-BBD5-21F0BA44C663}.Release|Any CPU.Build.0 = Release|Any CPU
		{8CFB7562-AE01-4766-9259-CE2F0260BDA9}.Debug|Any CPU.ActiveCfg = Debug|Any CPU
		{8CFB7562-AE01-4766-9259-CE2F0260BDA9}.Debug|Any CPU.Build.0 = Debug|Any CPU
		{8CFB7562-AE01-4766-9259-CE2F0260BDA9}.Release|Any CPU.ActiveCfg = Release|Any CPU
		{8CFB7562-AE01-4766-9259-CE2F0260BDA9}.Release|Any CPU.Build.0 = Release|Any CPU
		{04A7BBE8-AF77-4641-BFE7-D0E56A7A1278}.Debug|Any CPU.ActiveCfg = Debug|Any CPU
		{04A7BBE8-AF77-4641-BFE7-D0E56A7A1278}.Debug|Any CPU.Build.0 = Debug|Any CPU
		{04A7BBE8-AF77-4641-BFE7-D0E56A7A1278}.Release|Any CPU.ActiveCfg = Release|Any CPU
		{04A7BBE8-AF77-4641-BFE7-D0E56A7A1278}.Release|Any CPU.Build.0 = Release|Any CPU
		{2BB38581-2BC9-4DE2-B8CD-645D347D42BD}.Debug|Any CPU.ActiveCfg = Debug|Any CPU
		{2BB38581-2BC9-4DE2-B8CD-645D347D42BD}.Debug|Any CPU.Build.0 = Debug|Any CPU
		{2BB38581-2BC9-4DE2-B8CD-645D347D42BD}.Release|Any CPU.ActiveCfg = Release|Any CPU
		{2BB38581-2BC9-4DE2-B8CD-645D347D42BD}.Release|Any CPU.Build.0 = Release|Any CPU
		{2DEB8172-72A5-452F-B2AD-397DF03D0803}.Debug|Any CPU.ActiveCfg = Debug|Any CPU
		{2DEB8172-72A5-452F-B2AD-397DF03D0803}.Debug|Any CPU.Build.0 = Debug|Any CPU
		{2DEB8172-72A5-452F-B2AD-397DF03D0803}.Release|Any CPU.ActiveCfg = Release|Any CPU
		{2DEB8172-72A5-452F-B2AD-397DF03D0803}.Release|Any CPU.Build.0 = Release|Any CPU
		{80AE60D2-F9F6-4BA2-9566-64AC9584B812}.Debug|Any CPU.ActiveCfg = Debug|Any CPU
		{80AE60D2-F9F6-4BA2-9566-64AC9584B812}.Debug|Any CPU.Build.0 = Debug|Any CPU
		{80AE60D2-F9F6-4BA2-9566-64AC9584B812}.Release|Any CPU.ActiveCfg = Release|Any CPU
		{80AE60D2-F9F6-4BA2-9566-64AC9584B812}.Release|Any CPU.Build.0 = Release|Any CPU
		{B4B3FF02-B18B-4E34-B3B5-5A4908BFA14B}.Debug|Any CPU.ActiveCfg = Debug|Any CPU
		{B4B3FF02-B18B-4E34-B3B5-5A4908BFA14B}.Debug|Any CPU.Build.0 = Debug|Any CPU
		{B4B3FF02-B18B-4E34-B3B5-5A4908BFA14B}.Release|Any CPU.ActiveCfg = Release|Any CPU
		{B4B3FF02-B18B-4E34-B3B5-5A4908BFA14B}.Release|Any CPU.Build.0 = Release|Any CPU
		{C7FBF414-9D80-40F8-A003-54E229DC825A}.Debug|Any CPU.ActiveCfg = Debug|Any CPU
		{C7FBF414-9D80-40F8-A003-54E229DC825A}.Debug|Any CPU.Build.0 = Debug|Any CPU
		{C7FBF414-9D80-40F8-A003-54E229DC825A}.Release|Any CPU.ActiveCfg = Release|Any CPU
		{C7FBF414-9D80-40F8-A003-54E229DC825A}.Release|Any CPU.Build.0 = Release|Any CPU
		{E5D569D1-AE7C-43FB-8465-3AAD999C618E}.Debug|Any CPU.ActiveCfg = Debug|Any CPU
		{E5D569D1-AE7C-43FB-8465-3AAD999C618E}.Debug|Any CPU.Build.0 = Debug|Any CPU
		{E5D569D1-AE7C-43FB-8465-3AAD999C618E}.Release|Any CPU.ActiveCfg = Release|Any CPU
		{E5D569D1-AE7C-43FB-8465-3AAD999C618E}.Release|Any CPU.Build.0 = Release|Any CPU
	EndGlobalSection
	GlobalSection(SolutionProperties) = preSolution
		HideSolutionNode = FALSE
	EndGlobalSection
	GlobalSection(NestedProjects) = preSolution
		{D5EDE54F-6BCE-4C66-866D-FBEFDB97ADC3} = {0839F968-1AA0-4A9C-A8C7-4939438028AB}
		{1CC21165-5923-4C3A-BBD5-21F0BA44C663} = {0839F968-1AA0-4A9C-A8C7-4939438028AB}
		{8CFB7562-AE01-4766-9259-CE2F0260BDA9} = {33DFAD3D-18FD-4F12-8CC6-CAD1B84A352B}
		{04A7BBE8-AF77-4641-BFE7-D0E56A7A1278} = {33DFAD3D-18FD-4F12-8CC6-CAD1B84A352B}
		{2BB38581-2BC9-4DE2-B8CD-645D347D42BD} = {5C3A3590-5A15-4C37-8216-3389424AA9EB}
		{2DEB8172-72A5-452F-B2AD-397DF03D0803} = {5C3A3590-5A15-4C37-8216-3389424AA9EB}
		{80AE60D2-F9F6-4BA2-9566-64AC9584B812} = {70CED230-11D3-4D35-B6CF-58B8914E7F89}
		{B4B3FF02-B18B-4E34-B3B5-5A4908BFA14B} = {70CED230-11D3-4D35-B6CF-58B8914E7F89}
		{C7FBF414-9D80-40F8-A003-54E229DC825A} = {EF1B465D-3654-4900-9F94-7F0E87CBE33B}
		{E5D569D1-AE7C-43FB-8465-3AAD999C618E} = {EF1B465D-3654-4900-9F94-7F0E87CBE33B}
	EndGlobalSection
	GlobalSection(ExtensibilityGlobals) = postSolution
		SolutionGuid = {A9598F0F-D673-49EA-BBAB-4883B8D9141F}
	EndGlobalSection
EndGlobal
